{
  "name": "expressjs-typescript",
  "version": "1.0.0",
  "lockfileVersion": 3,
  "requires": true,
  "packages": {
    "": {
      "name": "expressjs-typescript",
      "version": "1.0.0",
      "license": "ISC",
      "bin": {
        "create-express-ts": "bin/create-express-ts.js"
      }
    }
  }
}
